
Microsoft Visual Studio Solution File, Format Version 12.00
# Visual Studio 2012
Project("{FAE04EC0-301F-11D3-BF4B-00C04F79EFBC}") = "SkyPhoto", "SkyPhoto.csproj", "{D3798B55-B960-4254-9326-31D3BC32DB44}"
EndProject
Global
	GlobalSection(SolutionConfigurationPlatforms) = preSolution
		Debug|ARM = Debug|ARM
		Debug|x86 = Debug|x86
		Release|ARM = Release|ARM
		Release|x86 = Release|x86
	EndGlobalSection
	GlobalSection(ProjectConfigurationPlatforms) = postSolution
		{D3798B55-B960-4254-9326-31D3BC32DB44}.Debug|ARM.ActiveCfg = Debug|ARM
		{D3798B55-B960-4254-9326-31D3BC32DB44}.Debug|ARM.Build.0 = Debug|ARM
		{D3798B55-B960-4254-9326-31D3BC32DB44}.Debug|ARM.Deploy.0 = Debug|ARM
		{D3798B55-B960-4254-9326-31D3BC32DB44}.Debug|x86.ActiveCfg = Debug|x86
		{D3798B55-B960-4254-9326-31D3BC32DB44}.Debug|x86.Build.0 = Debug|x86
		{D3798B55-B960-4254-9326-31D3BC32DB44}.Debug|x86.Deploy.0 = Debug|x86
		{D3798B55-B960-4254-9326-31D3BC32DB44}.Release|ARM.ActiveCfg = Release|ARM
		{D3798B55-B960-4254-9326-31D3BC32DB44}.Release|ARM.Build.0 = Release|ARM
		{D3798B55-B960-4254-9326-31D3BC32DB44}.Release|ARM.Deploy.0 = Release|ARM
		{D3798B55-B960-4254-9326-31D3BC32DB44}.Release|x86.ActiveCfg = Release|x86
		{D3798B55-B960-4254-9326-31D3BC32DB44}.Release|x86.Build.0 = Release|x86
		{D3798B55-B960-4254-9326-31D3BC32DB44}.Release|x86.Deploy.0 = Release|x86
	EndGlobalSection
	GlobalSection(SolutionProperties) = preSolution
		HideSolutionNode = FALSE
	EndGlobalSection
EndGlobal
